// !$*UTF8*$!
{
	archiveVersion = 1;
	classes = {
	};
	objectVersion = 46;
	objects = {

/* Begin PBXBuildFile section */
		84B389CE1B1E235B0040B9E0 /* AppDelegate.swift in Sources */ = {isa = PBXBuildFile; fileRef = 84B389CD1B1E235B0040B9E0 /* AppDelegate.swift */; };
		84B389D01B1E235B0040B9E0 /* ViewController.swift in Sources */ = {isa = PBXBuildFile; fileRef = 84B389CF1B1E235B0040B9E0 /* ViewController.swift */; };
		84B389D31B1E235B0040B9E0 /* Main.storyboard in Resources */ = {isa = PBXBuildFile; fileRef = 84B389D11B1E235B0040B9E0 /* Main.storyboard */; };
		84B389D51B1E235B0040B9E0 /* Images.xcassets in Resources */ = {isa = PBXBuildFile; fileRef = 84B389D41B1E235B0040B9E0 /* Images.xcassets */; };
		84B389D81B1E235B0040B9E0 /* LaunchScreen.xib in Resources */ = {isa = PBXBuildFile; fileRef = 84B389D61B1E235B0040B9E0 /* LaunchScreen.xib */; };
		84B389E41B1E235B0040B9E0 /* practiceTests.swift in Sources */ = {isa = PBXBuildFile; fileRef = 84B389E31B1E235B0040B9E0 /* practiceTests.swift */; };
/* End PBXBuildFile section */

/* Begin PBXContainerItemProxy section */
		84B389DE1B1E235B0040B9E0 /* PBXContainerItemProxy */ = {
			isa = PBXContainerItemProxy;
			containerPortal = 84B389C01B1E235B0040B9E0 /* Project object */;
			proxyType = 1;
			remoteGlobalIDString = 84B389C71B1E235B0040B9E0;
			remoteInfo = practice;
		};
/* End PBXContainerItemProxy section */

/* Begin PBXFileReference section */
		84B389C81B1E235B0040B9E0 /* practice.app */ = {isa = PBXFileReference; explicitFileType = wrapper.application; includeInIndex = 0; path = practice.app; sourceTree = BUILT_PRODUCTS_DIR; };
		84B389CC1B1E235B0040B9E0 /* Info.plist */ = {isa = PBXFileReference; lastKnownFileType = text.plist.xml; path = Info.plist; sourceTree = "<group>"; };
		84B389CD1B1E235B0040B9E0 /* AppDelegate.swift */ = {isa = PBXFileReference; lastKnownFileType = sourcecode.swift; path = AppDelegate.swift; sourceTree = "<group>"; };
		84B389CF1B1E235B0040B9E0 /* ViewController.swift */ = {isa = PBXFileReference; lastKnownFileType = sourcecode.swift; path = ViewController.swift; sourceTree = "<group>"; };
		84B389D21B1E235B0040B9E0 /* Base */ = {isa = PBXFileReference; lastKnownFileType = file.storyboard; name = Base; path = Base.lproj/Main.storyboard; sourceTree = "<group>"; };
		84B389D41B1E235B0040B9E0 /* Images.xcassets */ = {isa = PBXFileReference; lastKnownFileType = folder.assetcatalog; path = Images.xcassets; sourceTree = "<group>"; };
		84B389D71B1E235B0040B9E0 /* Base */ = {isa = PBXFileReference; lastKnownFileType = file.xib; name = Base; path = Base.lproj/LaunchScreen.xib; sourceTree = "<group>"; };
		84B389DD1B1E235B0040B9E0 /* practiceTests.xctest */ = {isa = PBXFileReference; explicitFileType = wrapper.cfbundle; includeInIndex = 0; path = practiceTests.xctest; sourceTree = BUILT_PRODUCTS_DIR; };
		84B389E21B1E235B0040B9E0 /* Info.plist */ = {isa = PBXFileReference; lastKnownFileType = text.plist.xml; path = Info.plist; sourceTree = "<group>"; };
		84B389E31B1E235B0040B9E0 /* practiceTests.swift */ = {isa = PBXFileReference; lastKnownFileType = sourcecode.swift; path = practiceTests.swift; sourceTree = "<group>"; };
/* End PBXFileReference section */

/* Begin PBXFrameworksBuildPhase section */
		84B389C51B1E235B0040B9E0 /* Frameworks */ = {
			isa = PBXFrameworksBuildPhase;
			buildActionMask = 2147483647;
			files = (
			);
			runOnlyForDeploymentPostprocessing = 0;
		};
		84B389DA1B1E235B0040B9E0 /* Frameworks */ = {
			isa = PBXFrameworksBuildPhase;
			buildActionMask = 2147483647;
			files = (
			);
			runOnlyForDeploymentPostprocessing = 0;
		};
/* End PBXFrameworksBuildPhase section */

/* Begin PBXGroup section */
		84B389BF1B1E235B0040B9E0 = {
			isa = PBXGroup;
			children = (
				84B389CA1B1E235B0040B9E0 /* practice */,
				84B389E01B1E235B0040B9E0 /* practiceTests */,
				84B389C91B1E235B0040B9E0 /* Products */,
			);
			sourceTree = "<group>";
		};
		84B389C91B1E235B0040B9E0 /* Products */ = {
			isa = PBXGroup;
			children = (
				84B389C81B1E235B0040B9E0 /* practice.app */,
				84B389DD1B1E235B0040B9E0 /* practiceTests.xctest */,
			);
			name = Products;
			sourceTree = "<group>";
		};
		84B389CA1B1E235B0040B9E0 /* practice */ = {
			isa = PBXGroup;
			children = (
				84B389CD1B1E235B0040B9E0 /* AppDelegate.swift */,
				84B389CF1B1E235B0040B9E0 /* ViewController.swift */,
				84B389D11B1E235B0040B9E0 /* Main.storyboard */,
				84B389D41B1E235B0040B9E0 /* Images.xcassets */,
				84B389D61B1E235B0040B9E0 /* LaunchScreen.xib */,
				84B389CB1B1E235B0040B9E0 /* Supporting Files */,
			);
			path = practice;
			sourceTree = "<group>";
		};
		84B389CB1B1E235B0040B9E0 /* Supporting Files */ = {
			isa = PBXGroup;
			children = (
				84B389CC1B1E235B0040B9E0 /* Info.plist */,
			);
			name = "Supporting Files";
			sourceTree = "<group>";
		};
		84B389E01B1E235B0040B9E0 /* practiceTests */ = {
			isa = PBXGroup;
			children = (
				84B389E31B1E235B0040B9E0 /* practiceTests.swift */,
				84B389E11B1E235B0040B9E0 /* Supporting Files */,
			);
			path = practiceTests;
			sourceTree = "<group>";
		};
		84B389E11B1E235B0040B9E0 /* Supporting Files */ = {
			isa = PBXGroup;
			children = (
				84B389E21B1E235B0040B9E0 /* Info.plist */,
			);
			name = "Supporting Files";
			sourceTree = "<group>";
		};
/* End PBXGroup section */

/* Begin PBXNativeTarget section */
		84B389C71B1E235B0040B9E0 /* practice */ = {
			isa = PBXNativeTarget;
			buildConfigurationList = 84B389E71B1E235B0040B9E0 /* Build configuration list for PBXNativeTarget "practice" */;
			buildPhases = (
				84B389C41B1E235B0040B9E0 /* Sources */,
				84B389C51B1E235B0040B9E0 /* Frameworks */,
				84B389C61B1E235B0040B9E0 /* Resources */,
			);
			buildRules = (
			);
			dependencies = (
			);
			name = practice;
			productName = practice;
			productReference = 84B389C81B1E235B0040B9E0 /* practice.app */;
			productType = "com.apple.product-type.application";
		};
		84B389DC1B1E235B0040B9E0 /* practiceTests */ = {
			isa = PBXNativeTarget;
			buildConfigurationList = 84B389EA1B1E235B0040B9E0 /* Build configuration list for PBXNativeTarget "practiceTests" */;
			buildPhases = (
				84B389D91B1E235B0040B9E0 /* Sources */,
				84B389DA1B1E235B0040B9E0 /* Frameworks */,
				84B389DB1B1E235B0040B9E0 /* Resources */,
			);
			buildRules = (
			);
			dependencies = (
				84B389DF1B1E235B0040B9E0 /* PBXTargetDependency */,
			);
			name = practiceTests;
			productName = practiceTests;
			productReference = 84B389DD1B1E235B0040B9E0 /* practiceTests.xctest */;
			productType = "com.apple.product-type.bundle.unit-test";
		};
/* End PBXNativeTarget section */

/* Begin PBXProject section */
		84B389C01B1E235B0040B9E0 /* Project object */ = {
			isa = PBXProject;
			attributes = {
				LastUpgradeCheck = 0630;
				ORGANIZATIONNAME = PoPsiCle;
				TargetAttributes = {
					84B389C71B1E235B0040B9E0 = {
						CreatedOnToolsVersion = 6.3.2;
					};
					84B389DC1B1E235B0040B9E0 = {
						CreatedOnToolsVersion = 6.3.2;
						TestTargetID = 84B389C71B1E235B0040B9E0;
					};
				};
			};
			buildConfigurationList = 84B389C31B1E235B0040B9E0 /* Build configuration list for PBXProject "practice" */;
			compatibilityVersion = "Xcode 3.2";
			developmentRegion = English;
			hasScannedForEncodings = 0;
			knownRegions = (
				en,
				Base,
			);
			mainGroup = 84B389BF1B1E235B0040B9E0;
			productRefGroup = 84B389C91B1E235B0040B9E0 /* Products */;
			projectDirPath = "";
			projectRoot = "";
			targets = (
				84B389C71B1E235B0040B9E0 /* practice */,
				84B389DC1B1E235B0040B9E0 /* practiceTests */,
			);
		};
/* End PBXProject section */

/* Begin PBXResourcesBuildPhase section */
		84B389C61B1E235B0040B9E0 /* Resources */ = {
			isa = PBXResourcesBuildPhase;
			buildActionMask = 2147483647;
			files = (
				84B389D31B1E235B0040B9E0 /* Main.storyboard in Resources */,
				84B389D81B1E235B0040B9E0 /* LaunchScreen.xib in Resources */,
				84B389D51B1E235B0040B9E0 /* Images.xcassets in Resources */,
			);
			runOnlyForDeploymentPostprocessing = 0;
		};
		84B389DB1B1E235B0040B9E0 /* Resources */ = {
			isa = PBXResourcesBuildPhase;
			buildActionMask = 2147483647;
			files = (
			);
			runOnlyForDeploymentPostprocessing = 0;
		};
/* End PBXResourcesBuildPhase section */

/* Begin PBXSourcesBuildPhase section */
		84B389C41B1E235B0040B9E0 /* Sources */ = {
			isa = PBXSourcesBuildPhase;
			buildActionMask = 2147483647;
			files = (
				84B389D01B1E235B0040B9E0 /* ViewController.swift in Sources */,
				84B389CE1B1E235B0040B9E0 /* AppDelegate.swift in Sources */,
			);
			runOnlyForDeploymentPostprocessing = 0;
		};
		84B389D91B1E235B0040B9E0 /* Sources */ = {
			isa = PBXSourcesBuildPhase;
			buildActionMask = 2147483647;
			files = (
				84B389E41B1E235B0040B9E0 /* practiceTests.swift in Sources */,
			);
			runOnlyForDeploymentPostprocessing = 0;
		};
/* End PBXSourcesBuildPhase section */

/* Begin PBXTargetDependency section */
		84B389DF1B1E235B0040B9E0 /* PBXTargetDependency */ = {
			isa = PBXTargetDependency;
			target = 84B389C71B1E235B0040B9E0 /* practice */;
			targetProxy = 84B389DE1B1E235B0040B9E0 /* PBXContainerItemProxy */;
		};
/* End PBXTargetDependency section */

/* Begin PBXVariantGroup section */
		84B389D11B1E235B0040B9E0 /* Main.storyboard */ = {
			isa = PBXVariantGroup;
			children = (
				84B389D21B1E235B0040B9E0 /* Base */,
			);
			name = Main.storyboard;
			sourceTree = "<group>";
		};
		84B389D61B1E235B0040B9E0 /* LaunchScreen.xib */ = {
			isa = PBXVariantGroup;
			children = (
				84B389D71B1E235B0040B9E0 /* Base */,
			);
			name = LaunchScreen.xib;
			sourceTree = "<group>";
		};
/* End PBXVariantGroup section */

/* Begin XCBuildConfiguration section */
		84B389E51B1E235B0040B9E0 /* Debug */ = {
			isa = XCBuildConfiguration;
			buildSettings = {
				ALWAYS_SEARCH_USER_PATHS = NO;
				CLANG_CXX_LANGUAGE_STANDARD = "gnu++0x";
				CLANG_CXX_LIBRARY = "libc++";
				CLANG_ENABLE_MODULES = YES;
				CLANG_ENABLE_OBJC_ARC = YES;
				CLANG_WARN_BOOL_CONVERSION = YES;
				CLANG_WARN_CONSTANT_CONVERSION = YES;
				CLANG_WARN_DIRECT_OBJC_ISA_USAGE = YES_ERROR;
				CLANG_WARN_EMPTY_BODY = YES;
				CLANG_WARN_ENUM_CONVERSION = YES;
				CLANG_WARN_INT_CONVERSION = YES;
				CLANG_WARN_OBJC_ROOT_CLASS = YES_ERROR;
				CLANG_WARN_UNREACHABLE_CODE = YES;
				CLANG_WARN__DUPLICATE_METHOD_MATCH = YES;
				"CODE_SIGN_IDENTITY[sdk=iphoneos*]" = "iPhone Developer";
				COPY_PHASE_STRIP = NO;
				DEBUG_INFORMATION_FORMAT = "dwarf-with-dsym";
				ENABLE_STRICT_OBJC_MSGSEND = YES;
				GCC_C_LANGUAGE_STANDARD = gnu99;
				GCC_DYNAMIC_NO_PIC = NO;
				GCC_NO_COMMON_BLOCKS = YES;
				GCC_OPTIMIZATION_LEVEL = 0;
				GCC_PREPROCESSOR_DEFINITIONS = (
					"DEBUG=1",
					"$(inherited)",
				);
				GCC_SYMBOLS_PRIVATE_EXTERN = NO;
				GCC_WARN_64_TO_32_BIT_CONVERSION = YES;
				GCC_WARN_ABOUT_RETURN_TYPE = YES_ERROR;
				GCC_WARN_UNDECLARED_SELECTOR = YES;
				GCC_WARN_UNINITIALIZED_AUTOS = YES_AGGRESSIVE;
				GCC_WARN_UNUSED_FUNCTION = YES;
				GCC_WARN_UNUSED_VARIABLE = YES;
				IPHONEOS_DEPLOYMENT_TARGET = 8.3;
				MTL_ENABLE_DEBUG_INFO = YES;
				ONLY_ACTIVE_ARCH = YES;
				SDKROOT = iphoneos;
				SWIFT_OPTIMIZATION_LEVEL = "-Onone";
			};
			name = Debug;
		};
		84B389E61B1E235B0040B9E0 /* Release */ = {
			isa = XCBuildConfiguration;
			buildSettings = {
				ALWAYS_SEARCH_USER_PATHS = NO;
				CLANG_CXX_LANGUAGE_STANDARD = "gnu++0x";
				CLANG_CXX_LIBRARY = "libc++";
				CLANG_ENABLE_MODULES = YES;
				CLANG_ENABLE_OBJC_ARC = YES;
				CLANG_WARN_BOOL_CONVERSION = YES;
				CLANG_WARN_CONSTANT_CONVERSION = YES;
				CLANG_WARN_DIRECT_OBJC_ISA_USAGE = YES_ERROR;
				CLANG_WARN_EMPTY_BODY = YES;
				CLANG_WARN_ENUM_CONVERSION = YES;
				CLANG_WARN_INT_CONVERSION = YES;
				CLANG_WARN_OBJC_ROOT_CLASS = YES_ERROR;
				CLANG_WARN_UNREACHABLE_CODE = YES;
				CLANG_WARN__DUPLICATE_METHOD_MATCH = YES;
				"CODE_SIGN_IDENTITY[sdk=iphoneos*]" = "iPhone Developer";
				COPY_PHASE_STRIP = NO;
				DEBUG_INFORMATION_FORMAT = "dwarf-with-dsym";
				ENABLE_NS_ASSERTIONS = NO;
				ENABLE_STRICT_OBJC_MSGSEND = YES;
				GCC_C_LANGUAGE_STANDARD = gnu99;
				GCC_NO_COMMON_BLOCKS = YES;
				GCC_WARN_64_TO_32_BIT_CONVERSION = YES;
				GCC_WARN_ABOUT_RETURN_TYPE = YES_ERROR;
				GCC_WARN_UNDECLARED_SELECTOR = YES;
				GCC_WARN_UNINITIALIZED_AUTOS = YES_AGGRESSIVE;
				GCC_WARN_UNUSED_FUNCTION = YES;
				GCC_WARN_UNUSED_VARIABLE = YES;
				IPHONEOS_DEPLOYMENT_TARGET = 8.3;
				MTL_ENABLE_DEBUG_INFO = NO;
				SDKROOT = iphoneos;
				VALIDATE_PRODUCT = YES;
			};
			name = Release;
		};
		84B389E81B1E235B0040B9E0 /* Debug */ = {
			isa = XCBuildConfiguration;
			buildSettings = {
				ASSETCATALOG_COMPILER_APPICON_NAME = AppIcon;
				INFOPLIST_FILE = practice/Info.plist;
				LD_RUNPATH_SEARCH_PATHS = "$(inherited) @executable_path/Frameworks";
				PRODUCT_NAME = "$(TARGET_NAME)";
			};
			name = Debug;
		};
		84B389E91B1E235B0040B9E0 /* Release */ = {
			isa = XCBuildConfiguration;
			buildSettings = {
				ASSETCATALOG_COMPILER_APPICON_NAME = AppIcon;
				INFOPLIST_FILE = practice/Info.plist;
				LD_RUNPATH_SEARCH_PATHS = "$(inherited) @executable_path/Frameworks";
				PRODUCT_NAME = "$(TARGET_NAME)";
			};
			name = Release;
		};
		84B389EB1B1E235B0040B9E0 /* Debug */ = {
			isa = XCBuildConfiguration;
			buildSettings = {
				BUNDLE_LOADER = "$(TEST_HOST)";
				FRAMEWORK_SEARCH_PATHS = (
					"$(SDKROOT)/Developer/Library/Frameworks",
					"$(inherited)",
				);
				GCC_PREPROCESSOR_DEFINITIONS = (
					"DEBUG=1",
					"$(inherited)",
				);
				INFOPLIST_FILE = practiceTests/Info.plist;
				LD_RUNPATH_SEARCH_PATHS = "$(inherited) @executable_path/Frameworks @loader_path/Frameworks";
				PRODUCT_NAME = "$(TARGET_NAME)";
				TEST_HOST = "$(BUILT_PRODUCTS_DIR)/practice.app/practice";
			};
			name = Debug;
		};
		84B389EC1B1E235B0040B9E0 /* Release */ = {
			isa = XCBuildConfiguration;
			buildSettings = {
				BUNDLE_LOADER = "$(TEST_HOST)";
				FRAMEWORK_SEARCH_PATHS = (
					"$(SDKROOT)/Developer/Library/Frameworks",
					"$(inherited)",
				);
				INFOPLIST_FILE = practiceTests/Info.plist;
				LD_RUNPATH_SEARCH_PATHS = "$(inherited) @executable_path/Frameworks @loader_path/Frameworks";
				PRODUCT_NAME = "$(TARGET_NAME)";
				TEST_HOST = "$(BUILT_PRODUCTS_DIR)/practice.app/practice";
			};
			name = Release;
		};
/* End XCBuildConfiguration section */

/* Begin XCConfigurationList section */
		84B389C31B1E235B0040B9E0 /* Build configuration list for PBXProject "practice" */ = {
			isa = XCConfigurationList;
			buildConfigurations = (
				84B389E51B1E235B0040B9E0 /* Debug */,
				84B389E61B1E235B0040B9E0 /* Release */,
			);
			defaultConfigurationIsVisible = 0;
			defaultConfigurationName = Release;
		};
		84B389E71B1E235B0040B9E0 /* Build configuration list for PBXNativeTarget "practice" */ = {
			isa = XCConfigurationList;
			buildConfigurations = (
				84B389E81B1E235B0040B9E0 /* Debug */,
				84B389E91B1E235B0040B9E0 /* Release */,
			);
			defaultConfigurationIsVisible = 0;
		};
		84B389EA1B1E235B0040B9E0 /* Build configuration list for PBXNativeTarget "practiceTests" */ = {
			isa = XCConfigurationList;
			buildConfigurations = (
				84B389EB1B1E235B0040B9E0 /* Debug */,
				84B389EC1B1E235B0040B9E0 /* Release */,
			);
			defaultConfigurationIsVisible = 0;
		};
/* End XCConfigurationList section */
	};
	rootObject = 84B389C01B1E235B0040B9E0 /* Project object */;
}
