// !$*UTF8*$!
{
	archiveVersion = 1;
	classes = {
	};
	objectVersion = 46;
	objects = {

/* Begin PBXBuildFile section */
		847CDDA51B26BE6D002E5087 /* AppDelegate.swift in Sources */ = {isa = PBXBuildFile; fileRef = 847CDDA41B26BE6D002E5087 /* AppDelegate.swift */; };
		847CDDA71B26BE6D002E5087 /* ViewController.swift in Sources */ = {isa = PBXBuildFile; fileRef = 847CDDA61B26BE6D002E5087 /* ViewController.swift */; };
		847CDDAA1B26BE6D002E5087 /* Main.storyboard in Resources */ = {isa = PBXBuildFile; fileRef = 847CDDA81B26BE6D002E5087 /* Main.storyboard */; };
		847CDDAC1B26BE6D002E5087 /* Images.xcassets in Resources */ = {isa = PBXBuildFile; fileRef = 847CDDAB1B26BE6D002E5087 /* Images.xcassets */; };
		847CDDAF1B26BE6D002E5087 /* LaunchScreen.xib in Resources */ = {isa = PBXBuildFile; fileRef = 847CDDAD1B26BE6D002E5087 /* LaunchScreen.xib */; };
		847CDDBB1B26BE6D002E5087 /* Nav_BarsTests.swift in Sources */ = {isa = PBXBuildFile; fileRef = 847CDDBA1B26BE6D002E5087 /* Nav_BarsTests.swift */; };
/* End PBXBuildFile section */

/* Begin PBXContainerItemProxy section */
		847CDDB51B26BE6D002E5087 /* PBXContainerItemProxy */ = {
			isa = PBXContainerItemProxy;
			containerPortal = 847CDD971B26BE6C002E5087 /* Project object */;
			proxyType = 1;
			remoteGlobalIDString = 847CDD9E1B26BE6D002E5087;
			remoteInfo = "Nav Bars";
		};
/* End PBXContainerItemProxy section */

/* Begin PBXFileReference section */
		847CDD9F1B26BE6D002E5087 /* Nav Bars.app */ = {isa = PBXFileReference; explicitFileType = wrapper.application; includeInIndex = 0; path = "Nav Bars.app"; sourceTree = BUILT_PRODUCTS_DIR; };
		847CDDA31B26BE6D002E5087 /* Info.plist */ = {isa = PBXFileReference; lastKnownFileType = text.plist.xml; path = Info.plist; sourceTree = "<group>"; };
		847CDDA41B26BE6D002E5087 /* AppDelegate.swift */ = {isa = PBXFileReference; lastKnownFileType = sourcecode.swift; path = AppDelegate.swift; sourceTree = "<group>"; };
		847CDDA61B26BE6D002E5087 /* ViewController.swift */ = {isa = PBXFileReference; lastKnownFileType = sourcecode.swift; path = ViewController.swift; sourceTree = "<group>"; };
		847CDDA91B26BE6D002E5087 /* Base */ = {isa = PBXFileReference; lastKnownFileType = file.storyboard; name = Base; path = Base.lproj/Main.storyboard; sourceTree = "<group>"; };
		847CDDAB1B26BE6D002E5087 /* Images.xcassets */ = {isa = PBXFileReference; lastKnownFileType = folder.assetcatalog; path = Images.xcassets; sourceTree = "<group>"; };
		847CDDAE1B26BE6D002E5087 /* Base */ = {isa = PBXFileReference; lastKnownFileType = file.xib; name = Base; path = Base.lproj/LaunchScreen.xib; sourceTree = "<group>"; };
		847CDDB41B26BE6D002E5087 /* Nav BarsTests.xctest */ = {isa = PBXFileReference; explicitFileType = wrapper.cfbundle; includeInIndex = 0; path = "Nav BarsTests.xctest"; sourceTree = BUILT_PRODUCTS_DIR; };
		847CDDB91B26BE6D002E5087 /* Info.plist */ = {isa = PBXFileReference; lastKnownFileType = text.plist.xml; path = Info.plist; sourceTree = "<group>"; };
		847CDDBA1B26BE6D002E5087 /* Nav_BarsTests.swift */ = {isa = PBXFileReference; lastKnownFileType = sourcecode.swift; path = Nav_BarsTests.swift; sourceTree = "<group>"; };
/* End PBXFileReference section */

/* Begin PBXFrameworksBuildPhase section */
		847CDD9C1B26BE6D002E5087 /* Frameworks */ = {
			isa = PBXFrameworksBuildPhase;
			buildActionMask = 2147483647;
			files = (
			);
			runOnlyForDeploymentPostprocessing = 0;
		};
		847CDDB11B26BE6D002E5087 /* Frameworks */ = {
			isa = PBXFrameworksBuildPhase;
			buildActionMask = 2147483647;
			files = (
			);
			runOnlyForDeploymentPostprocessing = 0;
		};
/* End PBXFrameworksBuildPhase section */

/* Begin PBXGroup section */
		847CDD961B26BE6C002E5087 = {
			isa = PBXGroup;
			children = (
				847CDDA11B26BE6D002E5087 /* Nav Bars */,
				847CDDB71B26BE6D002E5087 /* Nav BarsTests */,
				847CDDA01B26BE6D002E5087 /* Products */,
			);
			sourceTree = "<group>";
		};
		847CDDA01B26BE6D002E5087 /* Products */ = {
			isa = PBXGroup;
			children = (
				847CDD9F1B26BE6D002E5087 /* Nav Bars.app */,
				847CDDB41B26BE6D002E5087 /* Nav BarsTests.xctest */,
			);
			name = Products;
			sourceTree = "<group>";
		};
		847CDDA11B26BE6D002E5087 /* Nav Bars */ = {
			isa = PBXGroup;
			children = (
				847CDDA41B26BE6D002E5087 /* AppDelegate.swift */,
				847CDDA61B26BE6D002E5087 /* ViewController.swift */,
				847CDDA81B26BE6D002E5087 /* Main.storyboard */,
				847CDDAB1B26BE6D002E5087 /* Images.xcassets */,
				847CDDAD1B26BE6D002E5087 /* LaunchScreen.xib */,
				847CDDA21B26BE6D002E5087 /* Supporting Files */,
			);
			path = "Nav Bars";
			sourceTree = "<group>";
		};
		847CDDA21B26BE6D002E5087 /* Supporting Files */ = {
			isa = PBXGroup;
			children = (
				847CDDA31B26BE6D002E5087 /* Info.plist */,
			);
			name = "Supporting Files";
			sourceTree = "<group>";
		};
		847CDDB71B26BE6D002E5087 /* Nav BarsTests */ = {
			isa = PBXGroup;
			children = (
				847CDDBA1B26BE6D002E5087 /* Nav_BarsTests.swift */,
				847CDDB81B26BE6D002E5087 /* Supporting Files */,
			);
			path = "Nav BarsTests";
			sourceTree = "<group>";
		};
		847CDDB81B26BE6D002E5087 /* Supporting Files */ = {
			isa = PBXGroup;
			children = (
				847CDDB91B26BE6D002E5087 /* Info.plist */,
			);
			name = "Supporting Files";
			sourceTree = "<group>";
		};
/* End PBXGroup section */

/* Begin PBXNativeTarget section */
		847CDD9E1B26BE6D002E5087 /* Nav Bars */ = {
			isa = PBXNativeTarget;
			buildConfigurationList = 847CDDBE1B26BE6D002E5087 /* Build configuration list for PBXNativeTarget "Nav Bars" */;
			buildPhases = (
				847CDD9B1B26BE6D002E5087 /* Sources */,
				847CDD9C1B26BE6D002E5087 /* Frameworks */,
				847CDD9D1B26BE6D002E5087 /* Resources */,
			);
			buildRules = (
			);
			dependencies = (
			);
			name = "Nav Bars";
			productName = "Nav Bars";
			productReference = 847CDD9F1B26BE6D002E5087 /* Nav Bars.app */;
			productType = "com.apple.product-type.application";
		};
		847CDDB31B26BE6D002E5087 /* Nav BarsTests */ = {
			isa = PBXNativeTarget;
			buildConfigurationList = 847CDDC11B26BE6D002E5087 /* Build configuration list for PBXNativeTarget "Nav BarsTests" */;
			buildPhases = (
				847CDDB01B26BE6D002E5087 /* Sources */,
				847CDDB11B26BE6D002E5087 /* Frameworks */,
				847CDDB21B26BE6D002E5087 /* Resources */,
			);
			buildRules = (
			);
			dependencies = (
				847CDDB61B26BE6D002E5087 /* PBXTargetDependency */,
			);
			name = "Nav BarsTests";
			productName = "Nav BarsTests";
			productReference = 847CDDB41B26BE6D002E5087 /* Nav BarsTests.xctest */;
			productType = "com.apple.product-type.bundle.unit-test";
		};
/* End PBXNativeTarget section */

/* Begin PBXProject section */
		847CDD971B26BE6C002E5087 /* Project object */ = {
			isa = PBXProject;
			attributes = {
				LastUpgradeCheck = 0630;
				ORGANIZATIONNAME = PoPsiCle;
				TargetAttributes = {
					847CDD9E1B26BE6D002E5087 = {
						CreatedOnToolsVersion = 6.3.2;
					};
					847CDDB31B26BE6D002E5087 = {
						CreatedOnToolsVersion = 6.3.2;
						TestTargetID = 847CDD9E1B26BE6D002E5087;
					};
				};
			};
			buildConfigurationList = 847CDD9A1B26BE6D002E5087 /* Build configuration list for PBXProject "Nav Bars" */;
			compatibilityVersion = "Xcode 3.2";
			developmentRegion = English;
			hasScannedForEncodings = 0;
			knownRegions = (
				en,
				Base,
			);
			mainGroup = 847CDD961B26BE6C002E5087;
			productRefGroup = 847CDDA01B26BE6D002E5087 /* Products */;
			projectDirPath = "";
			projectRoot = "";
			targets = (
				847CDD9E1B26BE6D002E5087 /* Nav Bars */,
				847CDDB31B26BE6D002E5087 /* Nav BarsTests */,
			);
		};
/* End PBXProject section */

/* Begin PBXResourcesBuildPhase section */
		847CDD9D1B26BE6D002E5087 /* Resources */ = {
			isa = PBXResourcesBuildPhase;
			buildActionMask = 2147483647;
			files = (
				847CDDAA1B26BE6D002E5087 /* Main.storyboard in Resources */,
				847CDDAF1B26BE6D002E5087 /* LaunchScreen.xib in Resources */,
				847CDDAC1B26BE6D002E5087 /* Images.xcassets in Resources */,
			);
			runOnlyForDeploymentPostprocessing = 0;
		};
		847CDDB21B26BE6D002E5087 /* Resources */ = {
			isa = PBXResourcesBuildPhase;
			buildActionMask = 2147483647;
			files = (
			);
			runOnlyForDeploymentPostprocessing = 0;
		};
/* End PBXResourcesBuildPhase section */

/* Begin PBXSourcesBuildPhase section */
		847CDD9B1B26BE6D002E5087 /* Sources */ = {
			isa = PBXSourcesBuildPhase;
			buildActionMask = 2147483647;
			files = (
				847CDDA71B26BE6D002E5087 /* ViewController.swift in Sources */,
				847CDDA51B26BE6D002E5087 /* AppDelegate.swift in Sources */,
			);
			runOnlyForDeploymentPostprocessing = 0;
		};
		847CDDB01B26BE6D002E5087 /* Sources */ = {
			isa = PBXSourcesBuildPhase;
			buildActionMask = 2147483647;
			files = (
				847CDDBB1B26BE6D002E5087 /* Nav_BarsTests.swift in Sources */,
			);
			runOnlyForDeploymentPostprocessing = 0;
		};
/* End PBXSourcesBuildPhase section */

/* Begin PBXTargetDependency section */
		847CDDB61B26BE6D002E5087 /* PBXTargetDependency */ = {
			isa = PBXTargetDependency;
			target = 847CDD9E1B26BE6D002E5087 /* Nav Bars */;
			targetProxy = 847CDDB51B26BE6D002E5087 /* PBXContainerItemProxy */;
		};
/* End PBXTargetDependency section */

/* Begin PBXVariantGroup section */
		847CDDA81B26BE6D002E5087 /* Main.storyboard */ = {
			isa = PBXVariantGroup;
			children = (
				847CDDA91B26BE6D002E5087 /* Base */,
			);
			name = Main.storyboard;
			sourceTree = "<group>";
		};
		847CDDAD1B26BE6D002E5087 /* LaunchScreen.xib */ = {
			isa = PBXVariantGroup;
			children = (
				847CDDAE1B26BE6D002E5087 /* Base */,
			);
			name = LaunchScreen.xib;
			sourceTree = "<group>";
		};
/* End PBXVariantGroup section */

/* Begin XCBuildConfiguration section */
		847CDDBC1B26BE6D002E5087 /* Debug */ = {
			isa = XCBuildConfiguration;
			buildSettings = {
				ALWAYS_SEARCH_USER_PATHS = NO;
				CLANG_CXX_LANGUAGE_STANDARD = "gnu++0x";
				CLANG_CXX_LIBRARY = "libc++";
				CLANG_ENABLE_MODULES = YES;
				CLANG_ENABLE_OBJC_ARC = YES;
				CLANG_WARN_BOOL_CONVERSION = YES;
				CLANG_WARN_CONSTANT_CONVERSION = YES;
				CLANG_WARN_DIRECT_OBJC_ISA_USAGE = YES_ERROR;
				CLANG_WARN_EMPTY_BODY = YES;
				CLANG_WARN_ENUM_CONVERSION = YES;
				CLANG_WARN_INT_CONVERSION = YES;
				CLANG_WARN_OBJC_ROOT_CLASS = YES_ERROR;
				CLANG_WARN_UNREACHABLE_CODE = YES;
				CLANG_WARN__DUPLICATE_METHOD_MATCH = YES;
				"CODE_SIGN_IDENTITY[sdk=iphoneos*]" = "iPhone Developer";
				COPY_PHASE_STRIP = NO;
				DEBUG_INFORMATION_FORMAT = "dwarf-with-dsym";
				ENABLE_STRICT_OBJC_MSGSEND = YES;
				GCC_C_LANGUAGE_STANDARD = gnu99;
				GCC_DYNAMIC_NO_PIC = NO;
				GCC_NO_COMMON_BLOCKS = YES;
				GCC_OPTIMIZATION_LEVEL = 0;
				GCC_PREPROCESSOR_DEFINITIONS = (
					"DEBUG=1",
					"$(inherited)",
				);
				GCC_SYMBOLS_PRIVATE_EXTERN = NO;
				GCC_WARN_64_TO_32_BIT_CONVERSION = YES;
				GCC_WARN_ABOUT_RETURN_TYPE = YES_ERROR;
				GCC_WARN_UNDECLARED_SELECTOR = YES;
				GCC_WARN_UNINITIALIZED_AUTOS = YES_AGGRESSIVE;
				GCC_WARN_UNUSED_FUNCTION = YES;
				GCC_WARN_UNUSED_VARIABLE = YES;
				IPHONEOS_DEPLOYMENT_TARGET = 8.3;
				MTL_ENABLE_DEBUG_INFO = YES;
				ONLY_ACTIVE_ARCH = YES;
				SDKROOT = iphoneos;
				SWIFT_OPTIMIZATION_LEVEL = "-Onone";
			};
			name = Debug;
		};
		847CDDBD1B26BE6D002E5087 /* Release */ = {
			isa = XCBuildConfiguration;
			buildSettings = {
				ALWAYS_SEARCH_USER_PATHS = NO;
				CLANG_CXX_LANGUAGE_STANDARD = "gnu++0x";
				CLANG_CXX_LIBRARY = "libc++";
				CLANG_ENABLE_MODULES = YES;
				CLANG_ENABLE_OBJC_ARC = YES;
				CLANG_WARN_BOOL_CONVERSION = YES;
				CLANG_WARN_CONSTANT_CONVERSION = YES;
				CLANG_WARN_DIRECT_OBJC_ISA_USAGE = YES_ERROR;
				CLANG_WARN_EMPTY_BODY = YES;
				CLANG_WARN_ENUM_CONVERSION = YES;
				CLANG_WARN_INT_CONVERSION = YES;
				CLANG_WARN_OBJC_ROOT_CLASS = YES_ERROR;
				CLANG_WARN_UNREACHABLE_CODE = YES;
				CLANG_WARN__DUPLICATE_METHOD_MATCH = YES;
				"CODE_SIGN_IDENTITY[sdk=iphoneos*]" = "iPhone Developer";
				COPY_PHASE_STRIP = NO;
				DEBUG_INFORMATION_FORMAT = "dwarf-with-dsym";
				ENABLE_NS_ASSERTIONS = NO;
				ENABLE_STRICT_OBJC_MSGSEND = YES;
				GCC_C_LANGUAGE_STANDARD = gnu99;
				GCC_NO_COMMON_BLOCKS = YES;
				GCC_WARN_64_TO_32_BIT_CONVERSION = YES;
				GCC_WARN_ABOUT_RETURN_TYPE = YES_ERROR;
				GCC_WARN_UNDECLARED_SELECTOR = YES;
				GCC_WARN_UNINITIALIZED_AUTOS = YES_AGGRESSIVE;
				GCC_WARN_UNUSED_FUNCTION = YES;
				GCC_WARN_UNUSED_VARIABLE = YES;
				IPHONEOS_DEPLOYMENT_TARGET = 8.3;
				MTL_ENABLE_DEBUG_INFO = NO;
				SDKROOT = iphoneos;
				VALIDATE_PRODUCT = YES;
			};
			name = Release;
		};
		847CDDBF1B26BE6D002E5087 /* Debug */ = {
			isa = XCBuildConfiguration;
			buildSettings = {
				ASSETCATALOG_COMPILER_APPICON_NAME = AppIcon;
				INFOPLIST_FILE = "Nav Bars/Info.plist";
				LD_RUNPATH_SEARCH_PATHS = "$(inherited) @executable_path/Frameworks";
				PRODUCT_NAME = "$(TARGET_NAME)";
			};
			name = Debug;
		};
		847CDDC01B26BE6D002E5087 /* Release */ = {
			isa = XCBuildConfiguration;
			buildSettings = {
				ASSETCATALOG_COMPILER_APPICON_NAME = AppIcon;
				INFOPLIST_FILE = "Nav Bars/Info.plist";
				LD_RUNPATH_SEARCH_PATHS = "$(inherited) @executable_path/Frameworks";
				PRODUCT_NAME = "$(TARGET_NAME)";
			};
			name = Release;
		};
		847CDDC21B26BE6D002E5087 /* Debug */ = {
			isa = XCBuildConfiguration;
			buildSettings = {
				BUNDLE_LOADER = "$(TEST_HOST)";
				FRAMEWORK_SEARCH_PATHS = (
					"$(SDKROOT)/Developer/Library/Frameworks",
					"$(inherited)",
				);
				GCC_PREPROCESSOR_DEFINITIONS = (
					"DEBUG=1",
					"$(inherited)",
				);
				INFOPLIST_FILE = "Nav BarsTests/Info.plist";
				LD_RUNPATH_SEARCH_PATHS = "$(inherited) @executable_path/Frameworks @loader_path/Frameworks";
				PRODUCT_NAME = "$(TARGET_NAME)";
				TEST_HOST = "$(BUILT_PRODUCTS_DIR)/Nav Bars.app/Nav Bars";
			};
			name = Debug;
		};
		847CDDC31B26BE6D002E5087 /* Release */ = {
			isa = XCBuildConfiguration;
			buildSettings = {
				BUNDLE_LOADER = "$(TEST_HOST)";
				FRAMEWORK_SEARCH_PATHS = (
					"$(SDKROOT)/Developer/Library/Frameworks",
					"$(inherited)",
				);
				INFOPLIST_FILE = "Nav BarsTests/Info.plist";
				LD_RUNPATH_SEARCH_PATHS = "$(inherited) @executable_path/Frameworks @loader_path/Frameworks";
				PRODUCT_NAME = "$(TARGET_NAME)";
				TEST_HOST = "$(BUILT_PRODUCTS_DIR)/Nav Bars.app/Nav Bars";
			};
			name = Release;
		};
/* End XCBuildConfiguration section */

/* Begin XCConfigurationList section */
		847CDD9A1B26BE6D002E5087 /* Build configuration list for PBXProject "Nav Bars" */ = {
			isa = XCConfigurationList;
			buildConfigurations = (
				847CDDBC1B26BE6D002E5087 /* Debug */,
				847CDDBD1B26BE6D002E5087 /* Release */,
			);
			defaultConfigurationIsVisible = 0;
			defaultConfigurationName = Release;
		};
		847CDDBE1B26BE6D002E5087 /* Build configuration list for PBXNativeTarget "Nav Bars" */ = {
			isa = XCConfigurationList;
			buildConfigurations = (
				847CDDBF1B26BE6D002E5087 /* Debug */,
				847CDDC01B26BE6D002E5087 /* Release */,
			);
			defaultConfigurationIsVisible = 0;
		};
		847CDDC11B26BE6D002E5087 /* Build configuration list for PBXNativeTarget "Nav BarsTests" */ = {
			isa = XCConfigurationList;
			buildConfigurations = (
				847CDDC21B26BE6D002E5087 /* Debug */,
				847CDDC31B26BE6D002E5087 /* Release */,
			);
			defaultConfigurationIsVisible = 0;
		};
/* End XCConfigurationList section */
	};
	rootObject = 847CDD971B26BE6C002E5087 /* Project object */;
}
